// !$*UTF8*$!
{
	archiveVersion = 1;
	classes = {
	};
	objectVersion = 77;
	objects = {

/* Begin PBXBuildFile section */
		910C2F792EC4B99200D044AB /* FirebaseAuth in Frameworks */ = {isa = PBXBuildFile; productRef = 910C2F782EC4B99200D044AB /* FirebaseAuth */; };
		910C2F7B2EC4B99200D044AB /* FirebaseFirestore in Frameworks */ = {isa = PBXBuildFile; productRef = 910C2F7A2EC4B99200D044AB /* FirebaseFirestore */; };
/* End PBXBuildFile section */

/* Begin PBXContainerItemProxy section */
		91F8FABA2EC22A3000B77B17 /* PBXContainerItemProxy */ = {
			isa = PBXContainerItemProxy;
			containerPortal = 91F8FAA22EC22A2E00B77B17 /* Project object */;
			proxyType = 1;
			remoteGlobalIDString = 91F8FAA92EC22A2E00B77B17;
			remoteInfo = AmbuKit;
		};
		91F8FAC42EC22A3000B77B17 /* PBXContainerItemProxy */ = {
			isa = PBXContainerItemProxy;
			containerPortal = 91F8FAA22EC22A2E00B77B17 /* Project object */;
			proxyType = 1;
			remoteGlobalIDString = 91F8FAA92EC22A2E00B77B17;
			remoteInfo = AmbuKit;
		};
/* End PBXContainerItemProxy section */

/* Begin PBXFileReference section */
		91F8FAAA2EC22A2E00B77B17 /* AmbuKit.app */ = {isa = PBXFileReference; explicitFileType = wrapper.application; includeInIndex = 0; path = AmbuKit.app; sourceTree = BUILT_PRODUCTS_DIR; };
		91F8FAB92EC22A3000B77B17 /* AmbuKitTests.xctest */ = {isa = PBXFileReference; explicitFileType = wrapper.cfbundle; includeInIndex = 0; path = AmbuKitTests.xctest; sourceTree = BUILT_PRODUCTS_DIR; };
		91F8FAC32EC22A3000B77B17 /* AmbuKitUITests.xctest */ = {isa = PBXFileReference; explicitFileType = wrapper.cfbundle; includeInIndex = 0; path = AmbuKitUITests.xctest; sourceTree = BUILT_PRODUCTS_DIR; };
/* End PBXFileReference section */

/* Begin PBXFileSystemSynchronizedRootGroup section */
		91F8FAAC2EC22A2E00B77B17 /* AmbuKit */ = {
			isa = PBXFileSystemSynchronizedRootGroup;
			path = AmbuKit;
			sourceTree = "<group>";
		};
		91F8FABC2EC22A3000B77B17 /* AmbuKitTests */ = {
			isa = PBXFileSystemSynchronizedRootGroup;
			path = AmbuKitTests;
			sourceTree = "<group>";
		};
		91F8FAC62EC22A3000B77B17 /* AmbuKitUITests */ = {
			isa = PBXFileSystemSynchronizedRootGroup;
			path = AmbuKitUITests;
			sourceTree = "<group>";
		};
/* End PBXFileSystemSynchronizedRootGroup section */

/* Begin PBXFrameworksBuildPhase section */
		91F8FAA72EC22A2E00B77B17 /* Frameworks */ = {
			isa = PBXFrameworksBuildPhase;
			buildActionMask = 2147483647;
			files = (
				910C2F792EC4B99200D044AB /* FirebaseAuth in Frameworks */,
				910C2F7B2EC4B99200D044AB /* FirebaseFirestore in Frameworks */,
			);
			runOnlyForDeploymentPostprocessing = 0;
		};
		91F8FAB62EC22A3000B77B17 /* Frameworks */ = {
			isa = PBXFrameworksBuildPhase;
			buildActionMask = 2147483647;
			files = (
			);
			runOnlyForDeploymentPostprocessing = 0;
		};
		91F8FAC02EC22A3000B77B17 /* Frameworks */ = {
			isa = PBXFrameworksBuildPhase;
			buildActionMask = 2147483647;
			files = (
			);
			runOnlyForDeploymentPostprocessing = 0;
		};
/* End PBXFrameworksBuildPhase section */

/* Begin PBXGroup section */
		91F8FAA12EC22A2E00B77B17 = {
			isa = PBXGroup;
			children = (
				91F8FAAC2EC22A2E00B77B17 /* AmbuKit */,
				91F8FABC2EC22A3000B77B17 /* AmbuKitTests */,
				91F8FAC62EC22A3000B77B17 /* AmbuKitUITests */,
				91F8FAAB2EC22A2E00B77B17 /* Products */,
			);
			sourceTree = "<group>";
		};
		91F8FAAB2EC22A2E00B77B17 /* Products */ = {
			isa = PBXGroup;
			children = (
				91F8FAAA2EC22A2E00B77B17 /* AmbuKit.app */,
				91F8FAB92EC22A3000B77B17 /* AmbuKitTests.xctest */,
				91F8FAC32EC22A3000B77B17 /* AmbuKitUITests.xctest */,
			);
			name = Products;
			sourceTree = "<group>";
		};
/* End PBXGroup section */

/* Begin PBXNativeTarget section */
		91F8FAA92EC22A2E00B77B17 /* AmbuKit */ = {
			isa = PBXNativeTarget;
			buildConfigurationList = 91F8FACD2EC22A3000B77B17 /* Build configuration list for PBXNativeTarget "AmbuKit" */;
			buildPhases = (
				91F8FAA62EC22A2E00B77B17 /* Sources */,
				91F8FAA72EC22A2E00B77B17 /* Frameworks */,
				91F8FAA82EC22A2E00B77B17 /* Resources */,
			);
			buildRules = (
			);
			dependencies = (
			);
			fileSystemSynchronizedGroups = (
				91F8FAAC2EC22A2E00B77B17 /* AmbuKit */,
			);
			name = AmbuKit;
			packageProductDependencies = (
				910C2F782EC4B99200D044AB /* FirebaseAuth */,
				910C2F7A2EC4B99200D044AB /* FirebaseFirestore */,
			);
			productName = AmbuKit;
			productReference = 91F8FAAA2EC22A2E00B77B17 /* AmbuKit.app */;
			productType = "com.apple.product-type.application";
		};
		91F8FAB82EC22A3000B77B17 /* AmbuKitTests */ = {
			isa = PBXNativeTarget;
			buildConfigurationList = 91F8FAD02EC22A3000B77B17 /* Build configuration list for PBXNativeTarget "AmbuKitTests" */;
			buildPhases = (
				91F8FAB52EC22A3000B77B17 /* Sources */,
				91F8FAB62EC22A3000B77B17 /* Frameworks */,
				91F8FAB72EC22A3000B77B17 /* Resources */,
			);
			buildRules = (
			);
			dependencies = (
				91F8FABB2EC22A3000B77B17 /* PBXTargetDependency */,
			);
			fileSystemSynchronizedGroups = (
				91F8FABC2EC22A3000B77B17 /* AmbuKitTests */,
			);
			name = AmbuKitTests;
			packageProductDependencies = (
			);
			productName = AmbuKitTests;
			productReference = 91F8FAB92EC22A3000B77B17 /* AmbuKitTests.xctest */;
			productType = "com.apple.product-type.bundle.unit-test";
		};
		91F8FAC22EC22A3000B77B17 /* AmbuKitUITests */ = {
			isa = PBXNativeTarget;
			buildConfigurationList = 91F8FAD32EC22A3000B77B17 /* Build configuration list for PBXNativeTarget "AmbuKitUITests" */;
			buildPhases = (
				91F8FABF2EC22A3000B77B17 /* Sources */,
				91F8FAC02EC22A3000B77B17 /* Frameworks */,
				91F8FAC12EC22A3000B77B17 /* Resources */,
			);
			buildRules = (
			);
			dependencies = (
				91F8FAC52EC22A3000B77B17 /* PBXTargetDependency */,
			);
			fileSystemSynchronizedGroups = (
				91F8FAC62EC22A3000B77B17 /* AmbuKitUITests */,
			);
			name = AmbuKitUITests;
			packageProductDependencies = (
			);
			productName = AmbuKitUITests;
			productReference = 91F8FAC32EC22A3000B77B17 /* AmbuKitUITests.xctest */;
			productType = "com.apple.product-type.bundle.ui-testing";
		};
/* End PBXNativeTarget section */

/* Begin PBXProject section */
		91F8FAA22EC22A2E00B77B17 /* Project object */ = {
			isa = PBXProject;
			attributes = {
				BuildIndependentTargetsInParallel = 1;
				LastSwiftUpdateCheck = 2600;
				LastUpgradeCheck = 2610;
				TargetAttributes = {
					91F8FAA92EC22A2E00B77B17 = {
						CreatedOnToolsVersion = 26.0.1;
					};
					91F8FAB82EC22A3000B77B17 = {
						CreatedOnToolsVersion = 26.0.1;
						TestTargetID = 91F8FAA92EC22A2E00B77B17;
					};
					91F8FAC22EC22A3000B77B17 = {
						CreatedOnToolsVersion = 26.0.1;
						TestTargetID = 91F8FAA92EC22A2E00B77B17;
					};
				};
			};
			buildConfigurationList = 91F8FAA52EC22A2E00B77B17 /* Build configuration list for PBXProject "AmbuKit" */;
			developmentRegion = en;
			hasScannedForEncodings = 0;
			knownRegions = (
				en,
				Base,
			);
			mainGroup = 91F8FAA12EC22A2E00B77B17;
			minimizedProjectReferenceProxies = 1;
			packageReferences = (
				910C2F772EC4B99200D044AB /* XCRemoteSwiftPackageReference "firebase-ios-sdk" */,
			);
			preferredProjectObjectVersion = 77;
			productRefGroup = 91F8FAAB2EC22A2E00B77B17 /* Products */;
			projectDirPath = "";
			projectRoot = "";
			targets = (
				91F8FAA92EC22A2E00B77B17 /* AmbuKit */,
				91F8FAB82EC22A3000B77B17 /* AmbuKitTests */,
				91F8FAC22EC22A3000B77B17 /* AmbuKitUITests */,
			);
		};
/* End PBXProject section */

/* Begin PBXResourcesBuildPhase section */
		91F8FAA82EC22A2E00B77B17 /* Resources */ = {
			isa = PBXResourcesBuildPhase;
			buildActionMask = 2147483647;
			files = (
			);
			runOnlyForDeploymentPostprocessing = 0;
		};
		91F8FAB72EC22A3000B77B17 /* Resources */ = {
			isa = PBXResourcesBuildPhase;
			buildActionMask = 2147483647;
			files = (
			);
			runOnlyForDeploymentPostprocessing = 0;
		};
		91F8FAC12EC22A3000B77B17 /* Resources */ = {
			isa = PBXResourcesBuildPhase;
			buildActionMask = 2147483647;
			files = (
			);
			runOnlyForDeploymentPostprocessing = 0;
		};
/* End PBXResourcesBuildPhase section */

/* Begin PBXSourcesBuildPhase section */
		91F8FAA62EC22A2E00B77B17 /* Sources */ = {
			isa = PBXSourcesBuildPhase;
			buildActionMask = 2147483647;
			files = (
			);
			runOnlyForDeploymentPostprocessing = 0;
		};
		91F8FAB52EC22A3000B77B17 /* Sources */ = {
			isa = PBXSourcesBuildPhase;
			buildActionMask = 2147483647;
			files = (
			);
			runOnlyForDeploymentPostprocessing = 0;
		};
		91F8FABF2EC22A3000B77B17 /* Sources */ = {
			isa = PBXSourcesBuildPhase;
			buildActionMask = 2147483647;
			files = (
			);
			runOnlyForDeploymentPostprocessing = 0;
		};
/* End PBXSourcesBuildPhase section */

/* Begin PBXTargetDependency section */
		91F8FABB2EC22A3000B77B17 /* PBXTargetDependency */ = {
			isa = PBXTargetDependency;
			target = 91F8FAA92EC22A2E00B77B17 /* AmbuKit */;
			targetProxy = 91F8FABA2EC22A3000B77B17 /* PBXContainerItemProxy */;
		};
		91F8FAC52EC22A3000B77B17 /* PBXTargetDependency */ = {
			isa = PBXTargetDependency;
			target = 91F8FAA92EC22A2E00B77B17 /* AmbuKit */;
			targetProxy = 91F8FAC42EC22A3000B77B17 /* PBXContainerItemProxy */;
		};
/* End PBXTargetDependency section */

/* Begin XCBuildConfiguration section */
		91F8FACB2EC22A3000B77B17 /* Debug */ = {
			isa = XCBuildConfiguration;
			buildSettings = {
				ALWAYS_SEARCH_USER_PATHS = NO;
				ASSETCATALOG_COMPILER_GENERATE_SWIFT_ASSET_SYMBOL_EXTENSIONS = YES;
				CLANG_ANALYZER_NONNULL = YES;
				CLANG_ANALYZER_NUMBER_OBJECT_CONVERSION = YES_AGGRESSIVE;
				CLANG_CXX_LANGUAGE_STANDARD = "gnu++20";
				CLANG_ENABLE_MODULES = YES;
				CLANG_ENABLE_OBJC_ARC = YES;
				CLANG_ENABLE_OBJC_WEAK = YES;
				CLANG_WARN_BLOCK_CAPTURE_AUTORELEASING = YES;
				CLANG_WARN_BOOL_CONVERSION = YES;
				CLANG_WARN_COMMA = YES;
				CLANG_WARN_CONSTANT_CONVERSION = YES;
				CLANG_WARN_DEPRECATED_OBJC_IMPLEMENTATIONS = YES;
				CLANG_WARN_DIRECT_OBJC_ISA_USAGE = YES_ERROR;
				CLANG_WARN_DOCUMENTATION_COMMENTS = YES;
				CLANG_WARN_EMPTY_BODY = YES;
				CLANG_WARN_ENUM_CONVERSION = YES;
				CLANG_WARN_INFINITE_RECURSION = YES;
				CLANG_WARN_INT_CONVERSION = YES;
				CLANG_WARN_NON_LITERAL_NULL_CONVERSION = YES;
				CLANG_WARN_OBJC_IMPLICIT_RETAIN_SELF = YES;
				CLANG_WARN_OBJC_LITERAL_CONVERSION = YES;
				CLANG_WARN_OBJC_ROOT_CLASS = YES_ERROR;
				CLANG_WARN_QUOTED_INCLUDE_IN_FRAMEWORK_HEADER = YES;
				CLANG_WARN_RANGE_LOOP_ANALYSIS = YES;
				CLANG_WARN_STRICT_PROTOTYPES = YES;
				CLANG_WARN_SUSPICIOUS_MOVE = YES;
				CLANG_WARN_UNGUARDED_AVAILABILITY = YES_AGGRESSIVE;
				CLANG_WARN_UNREACHABLE_CODE = YES;
				CLANG_WARN__DUPLICATE_METHOD_MATCH = YES;
				COPY_PHASE_STRIP = NO;
				DEBUG_INFORMATION_FORMAT = dwarf;
				DEVELOPMENT_TEAM = M968R2AMGD;
				ENABLE_STRICT_OBJC_MSGSEND = YES;
				ENABLE_TESTABILITY = YES;
				ENABLE_USER_SCRIPT_SANDBOXING = YES;
				GCC_C_LANGUAGE_STANDARD = gnu17;
				GCC_DYNAMIC_NO_PIC = NO;
				GCC_NO_COMMON_BLOCKS = YES;
				GCC_OPTIMIZATION_LEVEL = 0;
				GCC_PREPROCESSOR_DEFINITIONS = (
					"DEBUG=1",
					"$(inherited)",
				);
				GCC_WARN_64_TO_32_BIT_CONVERSION = YES;
				GCC_WARN_ABOUT_RETURN_TYPE = YES_ERROR;
				GCC_WARN_UNDECLARED_SELECTOR = YES;
				GCC_WARN_UNINITIALIZED_AUTOS = YES_AGGRESSIVE;
				GCC_WARN_UNUSED_FUNCTION = YES;
				GCC_WARN_UNUSED_VARIABLE = YES;
				IPHONEOS_DEPLOYMENT_TARGET = 26.0;
				LOCALIZATION_PREFERS_STRING_CATALOGS = YES;
				MTL_ENABLE_DEBUG_INFO = INCLUDE_SOURCE;
				MTL_FAST_MATH = YES;
				ONLY_ACTIVE_ARCH = YES;
				SDKROOT = iphoneos;
				STRING_CATALOG_GENERATE_SYMBOLS = YES;
				SWIFT_ACTIVE_COMPILATION_CONDITIONS = "DEBUG $(inherited)";
				SWIFT_OPTIMIZATION_LEVEL = "-Onone";
				SWIFT_STRICT_CONCURRENCY = complete;
			};
			name = Debug;
		};
		91F8FACC2EC22A3000B77B17 /* Release */ = {
			isa = XCBuildConfiguration;
			buildSettings = {
				ALWAYS_SEARCH_USER_PATHS = NO;
				ASSETCATALOG_COMPILER_GENERATE_SWIFT_ASSET_SYMBOL_EXTENSIONS = YES;
				CLANG_ANALYZER_NONNULL = YES;
				CLANG_ANALYZER_NUMBER_OBJECT_CONVERSION = YES_AGGRESSIVE;
				CLANG_CXX_LANGUAGE_STANDARD = "gnu++20";
				CLANG_ENABLE_MODULES = YES;
				CLANG_ENABLE_OBJC_ARC = YES;
				CLANG_ENABLE_OBJC_WEAK = YES;
				CLANG_WARN_BLOCK_CAPTURE_AUTORELEASING = YES;
				CLANG_WARN_BOOL_CONVERSION = YES;
				CLANG_WARN_COMMA = YES;
				CLANG_WARN_CONSTANT_CONVERSION = YES;
				CLANG_WARN_DEPRECATED_OBJC_IMPLEMENTATIONS = YES;
				CLANG_WARN_DIRECT_OBJC_ISA_USAGE = YES_ERROR;
				CLANG_WARN_DOCUMENTATION_COMMENTS = YES;
				CLANG_WARN_EMPTY_BODY = YES;
				CLANG_WARN_ENUM_CONVERSION = YES;
				CLANG_WARN_INFINITE_RECURSION = YES;
				CLANG_WARN_INT_CONVERSION = YES;
				CLANG_WARN_NON_LITERAL_NULL_CONVERSION = YES;
				CLANG_WARN_OBJC_IMPLICIT_RETAIN_SELF = YES;
				CLANG_WARN_OBJC_LITERAL_CONVERSION = YES;
				CLANG_WARN_OBJC_ROOT_CLASS = YES_ERROR;
				CLANG_WARN_QUOTED_INCLUDE_IN_FRAMEWORK_HEADER = YES;
				CLANG_WARN_RANGE_LOOP_ANALYSIS = YES;
				CLANG_WARN_STRICT_PROTOTYPES = YES;
				CLANG_WARN_SUSPICIOUS_MOVE = YES;
				CLANG_WARN_UNGUARDED_AVAILABILITY = YES_AGGRESSIVE;
				CLANG_WARN_UNREACHABLE_CODE = YES;
				CLANG_WARN__DUPLICATE_METHOD_MATCH = YES;
				COPY_PHASE_STRIP = NO;
				DEBUG_INFORMATION_FORMAT = "dwarf-with-dsym";
				DEVELOPMENT_TEAM = M968R2AMGD;
				ENABLE_NS_ASSERTIONS = NO;
				ENABLE_STRICT_OBJC_MSGSEND = YES;
				ENABLE_USER_SCRIPT_SANDBOXING = YES;
				GCC_C_LANGUAGE_STANDARD = gnu17;
				GCC_NO_COMMON_BLOCKS = YES;
				GCC_WARN_64_TO_32_BIT_CONVERSION = YES;
				GCC_WARN_ABOUT_RETURN_TYPE = YES_ERROR;
				GCC_WARN_UNDECLARED_SELECTOR = YES;
				GCC_WARN_UNINITIALIZED_AUTOS = YES_AGGRESSIVE;
				GCC_WARN_UNUSED_FUNCTION = YES;
				GCC_WARN_UNUSED_VARIABLE = YES;
				IPHONEOS_DEPLOYMENT_TARGET = 26.0;
				LOCALIZATION_PREFERS_STRING_CATALOGS = YES;
				MTL_ENABLE_DEBUG_INFO = NO;
				MTL_FAST_MATH = YES;
				ONLY_ACTIVE_ARCH = YES;
				SDKROOT = iphoneos;
				STRING_CATALOG_GENERATE_SYMBOLS = YES;
				SWIFT_COMPILATION_MODE = wholemodule;
				SWIFT_STRICT_CONCURRENCY = complete;
				VALIDATE_PRODUCT = YES;
			};
			name = Release;
		};
		91F8FACE2EC22A3000B77B17 /* Debug */ = {
			isa = XCBuildConfiguration;
			buildSettings = {
				ASSETCATALOG_COMPILER_APPICON_NAME = AppIcon;
				ASSETCATALOG_COMPILER_GLOBAL_ACCENT_COLOR_NAME = AccentColor;
				CODE_SIGN_STYLE = Automatic;
				CURRENT_PROJECT_VERSION = 1;
				DEVELOPMENT_TEAM = M968R2AMGD;
				ENABLE_PREVIEWS = YES;
				GENERATE_INFOPLIST_FILE = YES;
				INFOPLIST_KEY_UIApplicationSceneManifest_Generation = YES;
				INFOPLIST_KEY_UIApplicationSupportsIndirectInputEvents = YES;
				INFOPLIST_KEY_UILaunchScreen_Generation = YES;
				INFOPLIST_KEY_UISupportedInterfaceOrientations_iPad = "UIInterfaceOrientationPortrait UIInterfaceOrientationPortraitUpsideDown UIInterfaceOrientationLandscapeLeft UIInterfaceOrientationLandscapeRight";
				INFOPLIST_KEY_UISupportedInterfaceOrientations_iPhone = "UIInterfaceOrientationPortrait UIInterfaceOrientationLandscapeLeft UIInterfaceOrientationLandscapeRight";
				LD_RUNPATH_SEARCH_PATHS = (
					"$(inherited)",
					"@executable_path/Frameworks",
				);
				MARKETING_VERSION = 1.0;
				PRODUCT_BUNDLE_IDENTIFIER = gliadev.AmbuKit;
				PRODUCT_NAME = "$(TARGET_NAME)";
				STRING_CATALOG_GENERATE_SYMBOLS = YES;
				SWIFT_APPROACHABLE_CONCURRENCY = YES;
				SWIFT_DEFAULT_ACTOR_ISOLATION = MainActor;
				SWIFT_EMIT_LOC_STRINGS = YES;
				SWIFT_UPCOMING_FEATURE_MEMBER_IMPORT_VISIBILITY = YES;
				SWIFT_VERSION = 6.0;
				TARGETED_DEVICE_FAMILY = "1,2";
			};
			name = Debug;
		};
		91F8FACF2EC22A3000B77B17 /* Release */ = {
			isa = XCBuildConfiguration;
			buildSettings = {
				ASSETCATALOG_COMPILER_APPICON_NAME = AppIcon;
				ASSETCATALOG_COMPILER_GLOBAL_ACCENT_COLOR_NAME = AccentColor;
				CODE_SIGN_STYLE = Automatic;
				CURRENT_PROJECT_VERSION = 1;
				DEVELOPMENT_TEAM = M968R2AMGD;
				ENABLE_PREVIEWS = YES;
				GENERATE_INFOPLIST_FILE = YES;
				INFOPLIST_KEY_UIApplicationSceneManifest_Generation = YES;
				INFOPLIST_KEY_UIApplicationSupportsIndirectInputEvents = YES;
				INFOPLIST_KEY_UILaunchScreen_Generation = YES;
				INFOPLIST_KEY_UISupportedInterfaceOrientations_iPad = "UIInterfaceOrientationPortrait UIInterfaceOrientationPortraitUpsideDown UIInterfaceOrientationLandscapeLeft UIInterfaceOrientationLandscapeRight";
				INFOPLIST_KEY_UISupportedInterfaceOrientations_iPhone = "UIInterfaceOrientationPortrait UIInterfaceOrientationLandscapeLeft UIInterfaceOrientationLandscapeRight";
				LD_RUNPATH_SEARCH_PATHS = (
					"$(inherited)",
					"@executable_path/Frameworks",
				);
				MARKETING_VERSION = 1.0;
				PRODUCT_BUNDLE_IDENTIFIER = gliadev.AmbuKit;
				PRODUCT_NAME = "$(TARGET_NAME)";
				STRING_CATALOG_GENERATE_SYMBOLS = YES;
				SWIFT_APPROACHABLE_CONCURRENCY = YES;
				SWIFT_DEFAULT_ACTOR_ISOLATION = MainActor;
				SWIFT_EMIT_LOC_STRINGS = YES;
				SWIFT_UPCOMING_FEATURE_MEMBER_IMPORT_VISIBILITY = YES;
				SWIFT_VERSION = 6.0;
				TARGETED_DEVICE_FAMILY = "1,2";
			};
			name = Release;
		};
		91F8FAD12EC22A3000B77B17 /* Debug */ = {
			isa = XCBuildConfiguration;
			buildSettings = {
				BUNDLE_LOADER = "$(TEST_HOST)";
				CODE_SIGN_STYLE = Automatic;
				CURRENT_PROJECT_VERSION = 1;
				DEVELOPMENT_TEAM = M968R2AMGD;
				GENERATE_INFOPLIST_FILE = YES;
				IPHONEOS_DEPLOYMENT_TARGET = 26.0;
				MARKETING_VERSION = 1.0;
				PRODUCT_BUNDLE_IDENTIFIER = gliadev.AmbuKitTests;
				PRODUCT_NAME = "$(TARGET_NAME)";
				STRING_CATALOG_GENERATE_SYMBOLS = NO;
				SWIFT_APPROACHABLE_CONCURRENCY = YES;
				SWIFT_EMIT_LOC_STRINGS = NO;
				SWIFT_UPCOMING_FEATURE_MEMBER_IMPORT_VISIBILITY = YES;
				SWIFT_VERSION = 5.0;
				TARGETED_DEVICE_FAMILY = "1,2";
				TEST_HOST = "$(BUILT_PRODUCTS_DIR)/AmbuKit.app/$(BUNDLE_EXECUTABLE_FOLDER_PATH)/AmbuKit";
			};
			name = Debug;
		};
		91F8FAD22EC22A3000B77B17 /* Release */ = {
			isa = XCBuildConfiguration;
			buildSettings = {
				BUNDLE_LOADER = "$(TEST_HOST)";
				CODE_SIGN_STYLE = Automatic;
				CURRENT_PROJECT_VERSION = 1;
				DEVELOPMENT_TEAM = M968R2AMGD;
				GENERATE_INFOPLIST_FILE = YES;
				IPHONEOS_DEPLOYMENT_TARGET = 26.0;
				MARKETING_VERSION = 1.0;
				PRODUCT_BUNDLE_IDENTIFIER = gliadev.AmbuKitTests;
				PRODUCT_NAME = "$(TARGET_NAME)";
				STRING_CATALOG_GENERATE_SYMBOLS = NO;
				SWIFT_APPROACHABLE_CONCURRENCY = YES;
				SWIFT_EMIT_LOC_STRINGS = NO;
				SWIFT_UPCOMING_FEATURE_MEMBER_IMPORT_VISIBILITY = YES;
				SWIFT_VERSION = 5.0;
				TARGETED_DEVICE_FAMILY = "1,2";
				TEST_HOST = "$(BUILT_PRODUCTS_DIR)/AmbuKit.app/$(BUNDLE_EXECUTABLE_FOLDER_PATH)/AmbuKit";
			};
			name = Release;
		};
		91F8FAD42EC22A3000B77B17 /* Debug */ = {
			isa = XCBuildConfiguration;
			buildSettings = {
				CODE_SIGN_STYLE = Automatic;
				CURRENT_PROJECT_VERSION = 1;
				DEVELOPMENT_TEAM = M968R2AMGD;
				GENERATE_INFOPLIST_FILE = YES;
				MARKETING_VERSION = 1.0;
				PRODUCT_BUNDLE_IDENTIFIER = gliadev.AmbuKitUITests;
				PRODUCT_NAME = "$(TARGET_NAME)";
				STRING_CATALOG_GENERATE_SYMBOLS = NO;
				SWIFT_APPROACHABLE_CONCURRENCY = YES;
				SWIFT_EMIT_LOC_STRINGS = NO;
				SWIFT_UPCOMING_FEATURE_MEMBER_IMPORT_VISIBILITY = YES;
				SWIFT_VERSION = 5.0;
				TARGETED_DEVICE_FAMILY = "1,2";
				TEST_TARGET_NAME = AmbuKit;
			};
			name = Debug;
		};
		91F8FAD52EC22A3000B77B17 /* Release */ = {
			isa = XCBuildConfiguration;
			buildSettings = {
				CODE_SIGN_IDENTITY = "Apple Development";
				CODE_SIGN_STYLE = Automatic;
				CURRENT_PROJECT_VERSION = 1;
				DEVELOPMENT_TEAM = "";
				GENERATE_INFOPLIST_FILE = YES;
				MARKETING_VERSION = 1.0;
				PRODUCT_BUNDLE_IDENTIFIER = gliadev.AmbuKitUITests;
				PRODUCT_NAME = "$(TARGET_NAME)";
				PROVISIONING_PROFILE_SPECIFIER = "";
				STRING_CATALOG_GENERATE_SYMBOLS = NO;
				SWIFT_APPROACHABLE_CONCURRENCY = YES;
				SWIFT_EMIT_LOC_STRINGS = NO;
				SWIFT_UPCOMING_FEATURE_MEMBER_IMPORT_VISIBILITY = YES;
				SWIFT_VERSION = 5.0;
				TARGETED_DEVICE_FAMILY = "1,2";
				TEST_TARGET_NAME = AmbuKit;
			};
			name = Release;
		};
/* End XCBuildConfiguration section */

/* Begin XCConfigurationList section */
		91F8FAA52EC22A2E00B77B17 /* Build configuration list for PBXProject "AmbuKit" */ = {
			isa = XCConfigurationList;
			buildConfigurations = (
				91F8FACB2EC22A3000B77B17 /* Debug */,
				91F8FACC2EC22A3000B77B17 /* Release */,
			);
			defaultConfigurationIsVisible = 0;
			defaultConfigurationName = Release;
		};
		91F8FACD2EC22A3000B77B17 /* Build configuration list for PBXNativeTarget "AmbuKit" */ = {
			isa = XCConfigurationList;
			buildConfigurations = (
				91F8FACE2EC22A3000B77B17 /* Debug */,
				91F8FACF2EC22A3000B77B17 /* Release */,
			);
			defaultConfigurationIsVisible = 0;
			defaultConfigurationName = Release;
		};
		91F8FAD02EC22A3000B77B17 /* Build configuration list for PBXNativeTarget "AmbuKitTests" */ = {
			isa = XCConfigurationList;
			buildConfigurations = (
				91F8FAD12EC22A3000B77B17 /* Debug */,
				91F8FAD22EC22A3000B77B17 /* Release */,
			);
			defaultConfigurationIsVisible = 0;
			defaultConfigurationName = Release;
		};
		91F8FAD32EC22A3000B77B17 /* Build configuration list for PBXNativeTarget "AmbuKitUITests" */ = {
			isa = XCConfigurationList;
			buildConfigurations = (
				91F8FAD42EC22A3000B77B17 /* Debug */,
				91F8FAD52EC22A3000B77B17 /* Release */,
			);
			defaultConfigurationIsVisible = 0;
			defaultConfigurationName = Release;
		};
/* End XCConfigurationList section */

/* Begin XCRemoteSwiftPackageReference section */
		910C2F772EC4B99200D044AB /* XCRemoteSwiftPackageReference "firebase-ios-sdk" */ = {
			isa = XCRemoteSwiftPackageReference;
			repositoryURL = "https://github.com/firebase/firebase-ios-sdk";
			requirement = {
				kind = upToNextMajorVersion;
				minimumVersion = 12.5.0;
			};
		};
/* End XCRemoteSwiftPackageReference section */

/* Begin XCSwiftPackageProductDependency section */
		910C2F782EC4B99200D044AB /* FirebaseAuth */ = {
			isa = XCSwiftPackageProductDependency;
			package = 910C2F772EC4B99200D044AB /* XCRemoteSwiftPackageReference "firebase-ios-sdk" */;
			productName = FirebaseAuth;
		};
		910C2F7A2EC4B99200D044AB /* FirebaseFirestore */ = {
			isa = XCSwiftPackageProductDependency;
			package = 910C2F772EC4B99200D044AB /* XCRemoteSwiftPackageReference "firebase-ios-sdk" */;
			productName = FirebaseFirestore;
		};
/* End XCSwiftPackageProductDependency section */
	};
	rootObject = 91F8FAA22EC22A2E00B77B17 /* Project object */;
}
